
Microsoft Visual Studio Solution File, Format Version 12.00
# Visual Studio Version 17
VisualStudioVersion = 17.7.34031.279
MinimumVisualStudioVersion = 10.0.40219.1
Project("{FAE04EC0-301F-11D3-BF4B-00C04F79EFBC}") = "coursework1_OOSD", "coursework1_OOSD\coursework1_OOSD.csproj", "{130310CF-0192-4C64-AE9F-C7AC2174C019}"
EndProject
Global
	GlobalSection(SolutionConfigurationPlatforms) = preSolution
		Debug|Any CPU = Debug|Any CPU
		Release|Any CPU = Release|Any CPU
	EndGlobalSection
	GlobalSection(ProjectConfigurationPlatforms) = postSolution
		{130310CF-0192-4C64-AE9F-C7AC2174C019}.Debug|Any CPU.ActiveCfg = Debug|Any CPU
		{130310CF-0192-4C64-AE9F-C7AC2174C019}.Debug|Any CPU.Build.0 = Debug|Any CPU
		{130310CF-0192-4C64-AE9F-C7AC2174C019}.Release|Any CPU.ActiveCfg = Release|Any CPU
		{130310CF-0192-4C64-AE9F-C7AC2174C019}.Release|Any CPU.Build.0 = Release|Any CPU
	EndGlobalSection
	GlobalSection(SolutionProperties) = preSolution
		HideSolutionNode = FALSE
	EndGlobalSection
	GlobalSection(ExtensibilityGlobals) = postSolution
		SolutionGuid = {F62D021C-5538-4007-ABE4-DDEDA9942461}
	EndGlobalSection
EndGlobal
